// !$*UTF8*$!
{
	archiveVersion = 1;
	classes = {
	};
	objectVersion = 55;
	objects = {

/* Begin PBXBuildFile section */
		9D46EB1F2822EBA1007D8130 /* AppDelegate.swift in Sources */ = {isa = PBXBuildFile; fileRef = 9D46EB1E2822EBA1007D8130 /* AppDelegate.swift */; };
		9D46EB212822EBA1007D8130 /* SceneDelegate.swift in Sources */ = {isa = PBXBuildFile; fileRef = 9D46EB202822EBA1007D8130 /* SceneDelegate.swift */; };
		9D46EB232822EBA1007D8130 /* ViewController.swift in Sources */ = {isa = PBXBuildFile; fileRef = 9D46EB222822EBA1007D8130 /* ViewController.swift */; };
		9D46EB262822EBA1007D8130 /* Main.storyboard in Resources */ = {isa = PBXBuildFile; fileRef = 9D46EB242822EBA1007D8130 /* Main.storyboard */; };
		9D46EB282822EBA2007D8130 /* Assets.xcassets in Resources */ = {isa = PBXBuildFile; fileRef = 9D46EB272822EBA2007D8130 /* Assets.xcassets */; };
		9D46EB2B2822EBA2007D8130 /* LaunchScreen.storyboard in Resources */ = {isa = PBXBuildFile; fileRef = 9D46EB292822EBA2007D8130 /* LaunchScreen.storyboard */; };
		9D46EB362822EBA2007D8130 /* Say__Tahmin_OyunuTests.swift in Sources */ = {isa = PBXBuildFile; fileRef = 9D46EB352822EBA2007D8130 /* Say__Tahmin_OyunuTests.swift */; };
		9D46EB402822EBA2007D8130 /* Say__Tahmin_OyunuUITests.swift in Sources */ = {isa = PBXBuildFile; fileRef = 9D46EB3F2822EBA2007D8130 /* Say__Tahmin_OyunuUITests.swift */; };
		9D46EB422822EBA2007D8130 /* Say__Tahmin_OyunuUITestsLaunchTests.swift in Sources */ = {isa = PBXBuildFile; fileRef = 9D46EB412822EBA2007D8130 /* Say__Tahmin_OyunuUITestsLaunchTests.swift */; };
/* End PBXBuildFile section */

/* Begin PBXContainerItemProxy section */
		9D46EB322822EBA2007D8130 /* PBXContainerItemProxy */ = {
			isa = PBXContainerItemProxy;
			containerPortal = 9D46EB132822EBA1007D8130 /* Project object */;
			proxyType = 1;
			remoteGlobalIDString = 9D46EB1A2822EBA1007D8130;
			remoteInfo = "Sayı Tahmin Oyunu";
		};
		9D46EB3C2822EBA2007D8130 /* PBXContainerItemProxy */ = {
			isa = PBXContainerItemProxy;
			containerPortal = 9D46EB132822EBA1007D8130 /* Project object */;
			proxyType = 1;
			remoteGlobalIDString = 9D46EB1A2822EBA1007D8130;
			remoteInfo = "Sayı Tahmin Oyunu";
		};
/* End PBXContainerItemProxy section */

/* Begin PBXFileReference section */
		9D46EB1B2822EBA1007D8130 /* Sayı Tahmin Oyunu.app */ = {isa = PBXFileReference; explicitFileType = wrapper.application; includeInIndex = 0; path = "Sayı Tahmin Oyunu.app"; sourceTree = BUILT_PRODUCTS_DIR; };
		9D46EB1E2822EBA1007D8130 /* AppDelegate.swift */ = {isa = PBXFileReference; lastKnownFileType = sourcecode.swift; path = AppDelegate.swift; sourceTree = "<group>"; };
		9D46EB202822EBA1007D8130 /* SceneDelegate.swift */ = {isa = PBXFileReference; lastKnownFileType = sourcecode.swift; path = SceneDelegate.swift; sourceTree = "<group>"; };
		9D46EB222822EBA1007D8130 /* ViewController.swift */ = {isa = PBXFileReference; lastKnownFileType = sourcecode.swift; path = ViewController.swift; sourceTree = "<group>"; };
		9D46EB252822EBA1007D8130 /* Base */ = {isa = PBXFileReference; lastKnownFileType = file.storyboard; name = Base; path = Base.lproj/Main.storyboard; sourceTree = "<group>"; };
		9D46EB272822EBA2007D8130 /* Assets.xcassets */ = {isa = PBXFileReference; lastKnownFileType = folder.assetcatalog; path = Assets.xcassets; sourceTree = "<group>"; };
		9D46EB2A2822EBA2007D8130 /* Base */ = {isa = PBXFileReference; lastKnownFileType = file.storyboard; name = Base; path = Base.lproj/LaunchScreen.storyboard; sourceTree = "<group>"; };
		9D46EB2C2822EBA2007D8130 /* Info.plist */ = {isa = PBXFileReference; lastKnownFileType = text.plist.xml; path = Info.plist; sourceTree = "<group>"; };
		9D46EB312822EBA2007D8130 /* Sayı Tahmin OyunuTests.xctest */ = {isa = PBXFileReference; explicitFileType = wrapper.cfbundle; includeInIndex = 0; path = "Sayı Tahmin OyunuTests.xctest"; sourceTree = BUILT_PRODUCTS_DIR; };
		9D46EB352822EBA2007D8130 /* Say__Tahmin_OyunuTests.swift */ = {isa = PBXFileReference; lastKnownFileType = sourcecode.swift; path = Say__Tahmin_OyunuTests.swift; sourceTree = "<group>"; };
		9D46EB3B2822EBA2007D8130 /* Sayı Tahmin OyunuUITests.xctest */ = {isa = PBXFileReference; explicitFileType = wrapper.cfbundle; includeInIndex = 0; path = "Sayı Tahmin OyunuUITests.xctest"; sourceTree = BUILT_PRODUCTS_DIR; };
		9D46EB3F2822EBA2007D8130 /* Say__Tahmin_OyunuUITests.swift */ = {isa = PBXFileReference; lastKnownFileType = sourcecode.swift; path = Say__Tahmin_OyunuUITests.swift; sourceTree = "<group>"; };
		9D46EB412822EBA2007D8130 /* Say__Tahmin_OyunuUITestsLaunchTests.swift */ = {isa = PBXFileReference; lastKnownFileType = sourcecode.swift; path = Say__Tahmin_OyunuUITestsLaunchTests.swift; sourceTree = "<group>"; };
/* End PBXFileReference section */

/* Begin PBXFrameworksBuildPhase section */
		9D46EB182822EBA1007D8130 /* Frameworks */ = {
			isa = PBXFrameworksBuildPhase;
			buildActionMask = 2147483647;
			files = (
			);
			runOnlyForDeploymentPostprocessing = 0;
		};
		9D46EB2E2822EBA2007D8130 /* Frameworks */ = {
			isa = PBXFrameworksBuildPhase;
			buildActionMask = 2147483647;
			files = (
			);
			runOnlyForDeploymentPostprocessing = 0;
		};
		9D46EB382822EBA2007D8130 /* Frameworks */ = {
			isa = PBXFrameworksBuildPhase;
			buildActionMask = 2147483647;
			files = (
			);
			runOnlyForDeploymentPostprocessing = 0;
		};
/* End PBXFrameworksBuildPhase section */

/* Begin PBXGroup section */
		9D46EB122822EBA1007D8130 = {
			isa = PBXGroup;
			children = (
				9D46EB1D2822EBA1007D8130 /* Sayı Tahmin Oyunu */,
				9D46EB342822EBA2007D8130 /* Sayı Tahmin OyunuTests */,
				9D46EB3E2822EBA2007D8130 /* Sayı Tahmin OyunuUITests */,
				9D46EB1C2822EBA1007D8130 /* Products */,
			);
			sourceTree = "<group>";
		};
		9D46EB1C2822EBA1007D8130 /* Products */ = {
			isa = PBXGroup;
			children = (
				9D46EB1B2822EBA1007D8130 /* Sayı Tahmin Oyunu.app */,
				9D46EB312822EBA2007D8130 /* Sayı Tahmin OyunuTests.xctest */,
				9D46EB3B2822EBA2007D8130 /* Sayı Tahmin OyunuUITests.xctest */,
			);
			name = Products;
			sourceTree = "<group>";
		};
		9D46EB1D2822EBA1007D8130 /* Sayı Tahmin Oyunu */ = {
			isa = PBXGroup;
			children = (
				9D46EB1E2822EBA1007D8130 /* AppDelegate.swift */,
				9D46EB202822EBA1007D8130 /* SceneDelegate.swift */,
				9D46EB222822EBA1007D8130 /* ViewController.swift */,
				9D46EB242822EBA1007D8130 /* Main.storyboard */,
				9D46EB272822EBA2007D8130 /* Assets.xcassets */,
				9D46EB292822EBA2007D8130 /* LaunchScreen.storyboard */,
				9D46EB2C2822EBA2007D8130 /* Info.plist */,
			);
			path = "Sayı Tahmin Oyunu";
			sourceTree = "<group>";
		};
		9D46EB342822EBA2007D8130 /* Sayı Tahmin OyunuTests */ = {
			isa = PBXGroup;
			children = (
				9D46EB352822EBA2007D8130 /* Say__Tahmin_OyunuTests.swift */,
			);
			path = "Sayı Tahmin OyunuTests";
			sourceTree = "<group>";
		};
		9D46EB3E2822EBA2007D8130 /* Sayı Tahmin OyunuUITests */ = {
			isa = PBXGroup;
			children = (
				9D46EB3F2822EBA2007D8130 /* Say__Tahmin_OyunuUITests.swift */,
				9D46EB412822EBA2007D8130 /* Say__Tahmin_OyunuUITestsLaunchTests.swift */,
			);
			path = "Sayı Tahmin OyunuUITests";
			sourceTree = "<group>";
		};
/* End PBXGroup section */

/* Begin PBXNativeTarget section */
		9D46EB1A2822EBA1007D8130 /* Sayı Tahmin Oyunu */ = {
			isa = PBXNativeTarget;
			buildConfigurationList = 9D46EB452822EBA2007D8130 /* Build configuration list for PBXNativeTarget "Sayı Tahmin Oyunu" */;
			buildPhases = (
				9D46EB172822EBA1007D8130 /* Sources */,
				9D46EB182822EBA1007D8130 /* Frameworks */,
				9D46EB192822EBA1007D8130 /* Resources */,
			);
			buildRules = (
			);
			dependencies = (
			);
			name = "Sayı Tahmin Oyunu";
			productName = "Sayı Tahmin Oyunu";
			productReference = 9D46EB1B2822EBA1007D8130 /* Sayı Tahmin Oyunu.app */;
			productType = "com.apple.product-type.application";
		};
		9D46EB302822EBA2007D8130 /* Sayı Tahmin OyunuTests */ = {
			isa = PBXNativeTarget;
			buildConfigurationList = 9D46EB482822EBA2007D8130 /* Build configuration list for PBXNativeTarget "Sayı Tahmin OyunuTests" */;
			buildPhases = (
				9D46EB2D2822EBA2007D8130 /* Sources */,
				9D46EB2E2822EBA2007D8130 /* Frameworks */,
				9D46EB2F2822EBA2007D8130 /* Resources */,
			);
			buildRules = (
			);
			dependencies = (
				9D46EB332822EBA2007D8130 /* PBXTargetDependency */,
			);
			name = "Sayı Tahmin OyunuTests";
			productName = "Sayı Tahmin OyunuTests";
			productReference = 9D46EB312822EBA2007D8130 /* Sayı Tahmin OyunuTests.xctest */;
			productType = "com.apple.product-type.bundle.unit-test";
		};
		9D46EB3A2822EBA2007D8130 /* Sayı Tahmin OyunuUITests */ = {
			isa = PBXNativeTarget;
			buildConfigurationList = 9D46EB4B2822EBA2007D8130 /* Build configuration list for PBXNativeTarget "Sayı Tahmin OyunuUITests" */;
			buildPhases = (
				9D46EB372822EBA2007D8130 /* Sources */,
				9D46EB382822EBA2007D8130 /* Frameworks */,
				9D46EB392822EBA2007D8130 /* Resources */,
			);
			buildRules = (
			);
			dependencies = (
				9D46EB3D2822EBA2007D8130 /* PBXTargetDependency */,
			);
			name = "Sayı Tahmin OyunuUITests";
			productName = "Sayı Tahmin OyunuUITests";
			productReference = 9D46EB3B2822EBA2007D8130 /* Sayı Tahmin OyunuUITests.xctest */;
			productType = "com.apple.product-type.bundle.ui-testing";
		};
/* End PBXNativeTarget section */

/* Begin PBXProject section */
		9D46EB132822EBA1007D8130 /* Project object */ = {
			isa = PBXProject;
			attributes = {
				BuildIndependentTargetsInParallel = 1;
				LastSwiftUpdateCheck = 1330;
				LastUpgradeCheck = 1330;
				TargetAttributes = {
					9D46EB1A2822EBA1007D8130 = {
						CreatedOnToolsVersion = 13.3.1;
					};
					9D46EB302822EBA2007D8130 = {
						CreatedOnToolsVersion = 13.3.1;
						TestTargetID = 9D46EB1A2822EBA1007D8130;
					};
					9D46EB3A2822EBA2007D8130 = {
						CreatedOnToolsVersion = 13.3.1;
						TestTargetID = 9D46EB1A2822EBA1007D8130;
					};
				};
			};
			buildConfigurationList = 9D46EB162822EBA1007D8130 /* Build configuration list for PBXProject "Sayı Tahmin Oyunu" */;
			compatibilityVersion = "Xcode 13.0";
			developmentRegion = en;
			hasScannedForEncodings = 0;
			knownRegions = (
				en,
				Base,
			);
			mainGroup = 9D46EB122822EBA1007D8130;
			productRefGroup = 9D46EB1C2822EBA1007D8130 /* Products */;
			projectDirPath = "";
			projectRoot = "";
			targets = (
				9D46EB1A2822EBA1007D8130 /* Sayı Tahmin Oyunu */,
				9D46EB302822EBA2007D8130 /* Sayı Tahmin OyunuTests */,
				9D46EB3A2822EBA2007D8130 /* Sayı Tahmin OyunuUITests */,
			);
		};
/* End PBXProject section */

/* Begin PBXResourcesBuildPhase section */
		9D46EB192822EBA1007D8130 /* Resources */ = {
			isa = PBXResourcesBuildPhase;
			buildActionMask = 2147483647;
			files = (
				9D46EB2B2822EBA2007D8130 /* LaunchScreen.storyboard in Resources */,
				9D46EB282822EBA2007D8130 /* Assets.xcassets in Resources */,
				9D46EB262822EBA1007D8130 /* Main.storyboard in Resources */,
			);
			runOnlyForDeploymentPostprocessing = 0;
		};
		9D46EB2F2822EBA2007D8130 /* Resources */ = {
			isa = PBXResourcesBuildPhase;
			buildActionMask = 2147483647;
			files = (
			);
			runOnlyForDeploymentPostprocessing = 0;
		};
		9D46EB392822EBA2007D8130 /* Resources */ = {
			isa = PBXResourcesBuildPhase;
			buildActionMask = 2147483647;
			files = (
			);
			runOnlyForDeploymentPostprocessing = 0;
		};
/* End PBXResourcesBuildPhase section */

/* Begin PBXSourcesBuildPhase section */
		9D46EB172822EBA1007D8130 /* Sources */ = {
			isa = PBXSourcesBuildPhase;
			buildActionMask = 2147483647;
			files = (
				9D46EB232822EBA1007D8130 /* ViewController.swift in Sources */,
				9D46EB1F2822EBA1007D8130 /* AppDelegate.swift in Sources */,
				9D46EB212822EBA1007D8130 /* SceneDelegate.swift in Sources */,
			);
			runOnlyForDeploymentPostprocessing = 0;
		};
		9D46EB2D2822EBA2007D8130 /* Sources */ = {
			isa = PBXSourcesBuildPhase;
			buildActionMask = 2147483647;
			files = (
				9D46EB362822EBA2007D8130 /* Say__Tahmin_OyunuTests.swift in Sources */,
			);
			runOnlyForDeploymentPostprocessing = 0;
		};
		9D46EB372822EBA2007D8130 /* Sources */ = {
			isa = PBXSourcesBuildPhase;
			buildActionMask = 2147483647;
			files = (
				9D46EB422822EBA2007D8130 /* Say__Tahmin_OyunuUITestsLaunchTests.swift in Sources */,
				9D46EB402822EBA2007D8130 /* Say__Tahmin_OyunuUITests.swift in Sources */,
			);
			runOnlyForDeploymentPostprocessing = 0;
		};
/* End PBXSourcesBuildPhase section */

/* Begin PBXTargetDependency section */
		9D46EB332822EBA2007D8130 /* PBXTargetDependency */ = {
			isa = PBXTargetDependency;
			target = 9D46EB1A2822EBA1007D8130 /* Sayı Tahmin Oyunu */;
			targetProxy = 9D46EB322822EBA2007D8130 /* PBXContainerItemProxy */;
		};
		9D46EB3D2822EBA2007D8130 /* PBXTargetDependency */ = {
			isa = PBXTargetDependency;
			target = 9D46EB1A2822EBA1007D8130 /* Sayı Tahmin Oyunu */;
			targetProxy = 9D46EB3C2822EBA2007D8130 /* PBXContainerItemProxy */;
		};
/* End PBXTargetDependency section */

/* Begin PBXVariantGroup section */
		9D46EB242822EBA1007D8130 /* Main.storyboard */ = {
			isa = PBXVariantGroup;
			children = (
				9D46EB252822EBA1007D8130 /* Base */,
			);
			name = Main.storyboard;
			sourceTree = "<group>";
		};
		9D46EB292822EBA2007D8130 /* LaunchScreen.storyboard */ = {
			isa = PBXVariantGroup;
			children = (
				9D46EB2A2822EBA2007D8130 /* Base */,
			);
			name = LaunchScreen.storyboard;
			sourceTree = "<group>";
		};
/* End PBXVariantGroup section */

/* Begin XCBuildConfiguration section */
		9D46EB432822EBA2007D8130 /* Debug */ = {
			isa = XCBuildConfiguration;
			buildSettings = {
				ALWAYS_SEARCH_USER_PATHS = NO;
				CLANG_ANALYZER_NONNULL = YES;
				CLANG_ANALYZER_NUMBER_OBJECT_CONVERSION = YES_AGGRESSIVE;
				CLANG_CXX_LANGUAGE_STANDARD = "gnu++17";
				CLANG_ENABLE_MODULES = YES;
				CLANG_ENABLE_OBJC_ARC = YES;
				CLANG_ENABLE_OBJC_WEAK = YES;
				CLANG_WARN_BLOCK_CAPTURE_AUTORELEASING = YES;
				CLANG_WARN_BOOL_CONVERSION = YES;
				CLANG_WARN_COMMA = YES;
				CLANG_WARN_CONSTANT_CONVERSION = YES;
				CLANG_WARN_DEPRECATED_OBJC_IMPLEMENTATIONS = YES;
				CLANG_WARN_DIRECT_OBJC_ISA_USAGE = YES_ERROR;
				CLANG_WARN_DOCUMENTATION_COMMENTS = YES;
				CLANG_WARN_EMPTY_BODY = YES;
				CLANG_WARN_ENUM_CONVERSION = YES;
				CLANG_WARN_INFINITE_RECURSION = YES;
				CLANG_WARN_INT_CONVERSION = YES;
				CLANG_WARN_NON_LITERAL_NULL_CONVERSION = YES;
				CLANG_WARN_OBJC_IMPLICIT_RETAIN_SELF = YES;
				CLANG_WARN_OBJC_LITERAL_CONVERSION = YES;
				CLANG_WARN_OBJC_ROOT_CLASS = YES_ERROR;
				CLANG_WARN_QUOTED_INCLUDE_IN_FRAMEWORK_HEADER = YES;
				CLANG_WARN_RANGE_LOOP_ANALYSIS = YES;
				CLANG_WARN_STRICT_PROTOTYPES = YES;
				CLANG_WARN_SUSPICIOUS_MOVE = YES;
				CLANG_WARN_UNGUARDED_AVAILABILITY = YES_AGGRESSIVE;
				CLANG_WARN_UNREACHABLE_CODE = YES;
				CLANG_WARN__DUPLICATE_METHOD_MATCH = YES;
				COPY_PHASE_STRIP = NO;
				DEBUG_INFORMATION_FORMAT = dwarf;
				ENABLE_STRICT_OBJC_MSGSEND = YES;
				ENABLE_TESTABILITY = YES;
				GCC_C_LANGUAGE_STANDARD = gnu11;
				GCC_DYNAMIC_NO_PIC = NO;
				GCC_NO_COMMON_BLOCKS = YES;
				GCC_OPTIMIZATION_LEVEL = 0;
				GCC_PREPROCESSOR_DEFINITIONS = (
					"DEBUG=1",
					"$(inherited)",
				);
				GCC_WARN_64_TO_32_BIT_CONVERSION = YES;
				GCC_WARN_ABOUT_RETURN_TYPE = YES_ERROR;
				GCC_WARN_UNDECLARED_SELECTOR = YES;
				GCC_WARN_UNINITIALIZED_AUTOS = YES_AGGRESSIVE;
				GCC_WARN_UNUSED_FUNCTION = YES;
				GCC_WARN_UNUSED_VARIABLE = YES;
				IPHONEOS_DEPLOYMENT_TARGET = 15.4;
				MTL_ENABLE_DEBUG_INFO = INCLUDE_SOURCE;
				MTL_FAST_MATH = YES;
				ONLY_ACTIVE_ARCH = YES;
				SDKROOT = iphoneos;
				SWIFT_ACTIVE_COMPILATION_CONDITIONS = DEBUG;
				SWIFT_OPTIMIZATION_LEVEL = "-Onone";
			};
			name = Debug;
		};
		9D46EB442822EBA2007D8130 /* Release */ = {
			isa = XCBuildConfiguration;
			buildSettings = {
				ALWAYS_SEARCH_USER_PATHS = NO;
				CLANG_ANALYZER_NONNULL = YES;
				CLANG_ANALYZER_NUMBER_OBJECT_CONVERSION = YES_AGGRESSIVE;
				CLANG_CXX_LANGUAGE_STANDARD = "gnu++17";
				CLANG_ENABLE_MODULES = YES;
				CLANG_ENABLE_OBJC_ARC = YES;
				CLANG_ENABLE_OBJC_WEAK = YES;
				CLANG_WARN_BLOCK_CAPTURE_AUTORELEASING = YES;
				CLANG_WARN_BOOL_CONVERSION = YES;
				CLANG_WARN_COMMA = YES;
				CLANG_WARN_CONSTANT_CONVERSION = YES;
				CLANG_WARN_DEPRECATED_OBJC_IMPLEMENTATIONS = YES;
				CLANG_WARN_DIRECT_OBJC_ISA_USAGE = YES_ERROR;
				CLANG_WARN_DOCUMENTATION_COMMENTS = YES;
				CLANG_WARN_EMPTY_BODY = YES;
				CLANG_WARN_ENUM_CONVERSION = YES;
				CLANG_WARN_INFINITE_RECURSION = YES;
				CLANG_WARN_INT_CONVERSION = YES;
				CLANG_WARN_NON_LITERAL_NULL_CONVERSION = YES;
				CLANG_WARN_OBJC_IMPLICIT_RETAIN_SELF = YES;
				CLANG_WARN_OBJC_LITERAL_CONVERSION = YES;
				CLANG_WARN_OBJC_ROOT_CLASS = YES_ERROR;
				CLANG_WARN_QUOTED_INCLUDE_IN_FRAMEWORK_HEADER = YES;
				CLANG_WARN_RANGE_LOOP_ANALYSIS = YES;
				CLANG_WARN_STRICT_PROTOTYPES = YES;
				CLANG_WARN_SUSPICIOUS_MOVE = YES;
				CLANG_WARN_UNGUARDED_AVAILABILITY = YES_AGGRESSIVE;
				CLANG_WARN_UNREACHABLE_CODE = YES;
				CLANG_WARN__DUPLICATE_METHOD_MATCH = YES;
				COPY_PHASE_STRIP = NO;
				DEBUG_INFORMATION_FORMAT = "dwarf-with-dsym";
				ENABLE_NS_ASSERTIONS = NO;
				ENABLE_STRICT_OBJC_MSGSEND = YES;
				GCC_C_LANGUAGE_STANDARD = gnu11;
				GCC_NO_COMMON_BLOCKS = YES;
				GCC_WARN_64_TO_32_BIT_CONVERSION = YES;
				GCC_WARN_ABOUT_RETURN_TYPE = YES_ERROR;
				GCC_WARN_UNDECLARED_SELECTOR = YES;
				GCC_WARN_UNINITIALIZED_AUTOS = YES_AGGRESSIVE;
				GCC_WARN_UNUSED_FUNCTION = YES;
				GCC_WARN_UNUSED_VARIABLE = YES;
				IPHONEOS_DEPLOYMENT_TARGET = 15.4;
				MTL_ENABLE_DEBUG_INFO = NO;
				MTL_FAST_MATH = YES;
				SDKROOT = iphoneos;
				SWIFT_COMPILATION_MODE = wholemodule;
				SWIFT_OPTIMIZATION_LEVEL = "-O";
				VALIDATE_PRODUCT = YES;
			};
			name = Release;
		};
		9D46EB462822EBA2007D8130 /* Debug */ = {
			isa = XCBuildConfiguration;
			buildSettings = {
				ASSETCATALOG_COMPILER_APPICON_NAME = AppIcon;
				ASSETCATALOG_COMPILER_GLOBAL_ACCENT_COLOR_NAME = AccentColor;
				CODE_SIGN_STYLE = Automatic;
				CURRENT_PROJECT_VERSION = 1;
				DEVELOPMENT_TEAM = 368D6M9S9N;
				GENERATE_INFOPLIST_FILE = YES;
				INFOPLIST_FILE = "Sayı Tahmin Oyunu/Info.plist";
				INFOPLIST_KEY_UIApplicationSupportsIndirectInputEvents = YES;
				INFOPLIST_KEY_UILaunchStoryboardName = LaunchScreen;
				INFOPLIST_KEY_UIMainStoryboardFile = Main;
				INFOPLIST_KEY_UISupportedInterfaceOrientations_iPad = "UIInterfaceOrientationPortrait UIInterfaceOrientationPortraitUpsideDown UIInterfaceOrientationLandscapeLeft UIInterfaceOrientationLandscapeRight";
				INFOPLIST_KEY_UISupportedInterfaceOrientations_iPhone = "UIInterfaceOrientationPortrait UIInterfaceOrientationLandscapeLeft UIInterfaceOrientationLandscapeRight";
				LD_RUNPATH_SEARCH_PATHS = (
					"$(inherited)",
					"@executable_path/Frameworks",
				);
				MARKETING_VERSION = 1.0;
				PRODUCT_BUNDLE_IDENTIFIER = "mertgaygusuz.Say--Tahmin-Oyunu";
				PRODUCT_NAME = "$(TARGET_NAME)";
				SWIFT_EMIT_LOC_STRINGS = YES;
				SWIFT_VERSION = 5.0;
				TARGETED_DEVICE_FAMILY = "1,2";
			};
			name = Debug;
		};
		9D46EB472822EBA2007D8130 /* Release */ = {
			isa = XCBuildConfiguration;
			buildSettings = {
				ASSETCATALOG_COMPILER_APPICON_NAME = AppIcon;
				ASSETCATALOG_COMPILER_GLOBAL_ACCENT_COLOR_NAME = AccentColor;
				CODE_SIGN_STYLE = Automatic;
				CURRENT_PROJECT_VERSION = 1;
				DEVELOPMENT_TEAM = 368D6M9S9N;
				GENERATE_INFOPLIST_FILE = YES;
				INFOPLIST_FILE = "Sayı Tahmin Oyunu/Info.plist";
				INFOPLIST_KEY_UIApplicationSupportsIndirectInputEvents = YES;
				INFOPLIST_KEY_UILaunchStoryboardName = LaunchScreen;
				INFOPLIST_KEY_UIMainStoryboardFile = Main;
				INFOPLIST_KEY_UISupportedInterfaceOrientations_iPad = "UIInterfaceOrientationPortrait UIInterfaceOrientationPortraitUpsideDown UIInterfaceOrientationLandscapeLeft UIInterfaceOrientationLandscapeRight";
				INFOPLIST_KEY_UISupportedInterfaceOrientations_iPhone = "UIInterfaceOrientationPortrait UIInterfaceOrientationLandscapeLeft UIInterfaceOrientationLandscapeRight";
				LD_RUNPATH_SEARCH_PATHS = (
					"$(inherited)",
					"@executable_path/Frameworks",
				);
				MARKETING_VERSION = 1.0;
				PRODUCT_BUNDLE_IDENTIFIER = "mertgaygusuz.Say--Tahmin-Oyunu";
				PRODUCT_NAME = "$(TARGET_NAME)";
				SWIFT_EMIT_LOC_STRINGS = YES;
				SWIFT_VERSION = 5.0;
				TARGETED_DEVICE_FAMILY = "1,2";
			};
			name = Release;
		};
		9D46EB492822EBA2007D8130 /* Debug */ = {
			isa = XCBuildConfiguration;
			buildSettings = {
				ALWAYS_EMBED_SWIFT_STANDARD_LIBRARIES = YES;
				BUNDLE_LOADER = "$(TEST_HOST)";
				CODE_SIGN_STYLE = Automatic;
				CURRENT_PROJECT_VERSION = 1;
				DEVELOPMENT_TEAM = 368D6M9S9N;
				GENERATE_INFOPLIST_FILE = YES;
				IPHONEOS_DEPLOYMENT_TARGET = 15.4;
				MARKETING_VERSION = 1.0;
				PRODUCT_BUNDLE_IDENTIFIER = "mertgaygusuz.Say--Tahmin-OyunuTests";
				PRODUCT_NAME = "$(TARGET_NAME)";
				SWIFT_EMIT_LOC_STRINGS = NO;
				SWIFT_VERSION = 5.0;
				TARGETED_DEVICE_FAMILY = "1,2";
				TEST_HOST = "$(BUILT_PRODUCTS_DIR)/Sayı Tahmin Oyunu.app/Sayı Tahmin Oyunu";
			};
			name = Debug;
		};
		9D46EB4A2822EBA2007D8130 /* Release */ = {
			isa = XCBuildConfiguration;
			buildSettings = {
				ALWAYS_EMBED_SWIFT_STANDARD_LIBRARIES = YES;
				BUNDLE_LOADER = "$(TEST_HOST)";
				CODE_SIGN_STYLE = Automatic;
				CURRENT_PROJECT_VERSION = 1;
				DEVELOPMENT_TEAM = 368D6M9S9N;
				GENERATE_INFOPLIST_FILE = YES;
				IPHONEOS_DEPLOYMENT_TARGET = 15.4;
				MARKETING_VERSION = 1.0;
				PRODUCT_BUNDLE_IDENTIFIER = "mertgaygusuz.Say--Tahmin-OyunuTests";
				PRODUCT_NAME = "$(TARGET_NAME)";
				SWIFT_EMIT_LOC_STRINGS = NO;
				SWIFT_VERSION = 5.0;
				TARGETED_DEVICE_FAMILY = "1,2";
				TEST_HOST = "$(BUILT_PRODUCTS_DIR)/Sayı Tahmin Oyunu.app/Sayı Tahmin Oyunu";
			};
			name = Release;
		};
		9D46EB4C2822EBA2007D8130 /* Debug */ = {
			isa = XCBuildConfiguration;
			buildSettings = {
				ALWAYS_EMBED_SWIFT_STANDARD_LIBRARIES = YES;
				CODE_SIGN_STYLE = Automatic;
				CURRENT_PROJECT_VERSION = 1;
				DEVELOPMENT_TEAM = 368D6M9S9N;
				GENERATE_INFOPLIST_FILE = YES;
				MARKETING_VERSION = 1.0;
				PRODUCT_BUNDLE_IDENTIFIER = "mertgaygusuz.Say--Tahmin-OyunuUITests";
				PRODUCT_NAME = "$(TARGET_NAME)";
				SWIFT_EMIT_LOC_STRINGS = NO;
				SWIFT_VERSION = 5.0;
				TARGETED_DEVICE_FAMILY = "1,2";
				TEST_TARGET_NAME = "Sayı Tahmin Oyunu";
			};
			name = Debug;
		};
		9D46EB4D2822EBA2007D8130 /* Release */ = {
			isa = XCBuildConfiguration;
			buildSettings = {
				ALWAYS_EMBED_SWIFT_STANDARD_LIBRARIES = YES;
				CODE_SIGN_STYLE = Automatic;
				CURRENT_PROJECT_VERSION = 1;
				DEVELOPMENT_TEAM = 368D6M9S9N;
				GENERATE_INFOPLIST_FILE = YES;
				MARKETING_VERSION = 1.0;
				PRODUCT_BUNDLE_IDENTIFIER = "mertgaygusuz.Say--Tahmin-OyunuUITests";
				PRODUCT_NAME = "$(TARGET_NAME)";
				SWIFT_EMIT_LOC_STRINGS = NO;
				SWIFT_VERSION = 5.0;
				TARGETED_DEVICE_FAMILY = "1,2";
				TEST_TARGET_NAME = "Sayı Tahmin Oyunu";
			};
			name = Release;
		};
/* End XCBuildConfiguration section */

/* Begin XCConfigurationList section */
		9D46EB162822EBA1007D8130 /* Build configuration list for PBXProject "Sayı Tahmin Oyunu" */ = {
			isa = XCConfigurationList;
			buildConfigurations = (
				9D46EB432822EBA2007D8130 /* Debug */,
				9D46EB442822EBA2007D8130 /* Release */,
			);
			defaultConfigurationIsVisible = 0;
			defaultConfigurationName = Release;
		};
		9D46EB452822EBA2007D8130 /* Build configuration list for PBXNativeTarget "Sayı Tahmin Oyunu" */ = {
			isa = XCConfigurationList;
			buildConfigurations = (
				9D46EB462822EBA2007D8130 /* Debug */,
				9D46EB472822EBA2007D8130 /* Release */,
			);
			defaultConfigurationIsVisible = 0;
			defaultConfigurationName = Release;
		};
		9D46EB482822EBA2007D8130 /* Build configuration list for PBXNativeTarget "Sayı Tahmin OyunuTests" */ = {
			isa = XCConfigurationList;
			buildConfigurations = (
				9D46EB492822EBA2007D8130 /* Debug */,
				9D46EB4A2822EBA2007D8130 /* Release */,
			);
			defaultConfigurationIsVisible = 0;
			defaultConfigurationName = Release;
		};
		9D46EB4B2822EBA2007D8130 /* Build configuration list for PBXNativeTarget "Sayı Tahmin OyunuUITests" */ = {
			isa = XCConfigurationList;
			buildConfigurations = (
				9D46EB4C2822EBA2007D8130 /* Debug */,
				9D46EB4D2822EBA2007D8130 /* Release */,
			);
			defaultConfigurationIsVisible = 0;
			defaultConfigurationName = Release;
		};
/* End XCConfigurationList section */
	};
	rootObject = 9D46EB132822EBA1007D8130 /* Project object */;
}
